PODS:
  - BJRangeSliderWithProgress (1.0.4)
  - BTProgressView (1.0.0)
  - CERoundProgressView (0.0.1)
  - CircularProgressView (1.3)
  - CSColorizedProgressView (1.0)
  - DACircularProgress (2.1.0)
  - DAProgressOverlayView (1.0.2)
  - DCProgressView (0.0.1)
  - DDProgressView (0.1)
  - FFCircularProgressView (0.3)
  - HKCircularProgressView (1.1.0)
  - HTProgressHUD (0.1.1)
  - JNJProgressButton (0.2)
  - JSProgressHUD (0.0.1)
  - KAProgressLabel (1.1)
  - KKProgressToolbar (0.0.1)
  - LDProgressView (1.1)
  - LLACircularProgressView (0.1.1)
  - MACircleProgressIndicator (1.0.0)
  - MCCircularProgressView (1.0.6)
  - MDRadialProgress (1.0.0)
  - MMProgressHUD (0.2.0)
  - MRProgress (0.2.1)
  - NJKWebViewProgress (0.1.6)
  - OJFSegmentedProgressView (0.0.1)
  - PICircularProgressView (0.1.1)
  - ProgressHUD (0.0.1)
  - SDWebImage (3.5):
    - SDWebImage/Core
  - SDWebImage-ProgressView (0.3.0):
    - SDWebImage (~> 3.0)
  - SDWebImage/Core (3.5)
  - SGNavigationProgress (1.1)
  - SuProgress (0.8.1)
  - SVProgressHUD (1.0)
  - THCircularProgressView (0.1.1)
  - THProgressView (1.0)
  - YLProgressBar (3.1.0)

DEPENDENCIES:
  - BJRangeSliderWithProgress
  - BTProgressView
  - CERoundProgressView
  - CircularProgressView
  - CSColorizedProgressView
  - DACircularProgress
  - DAProgressOverlayView
  - DCProgressView
  - DDProgressView
  - FFCircularProgressView
  - HKCircularProgressView
  - HTProgressHUD
  - JNJProgressButton
  - JSProgressHUD
  - KAProgressLabel
  - KKProgressToolbar
  - LDProgressView
  - LLACircularProgressView
  - MACircleProgressIndicator
  - MCCircularProgressView
  - MDRadialProgress
  - MMProgressHUD
  - MRProgress
  - NJKWebViewProgress
  - OJFSegmentedProgressView
  - PICircularProgressView
  - ProgressHUD
  - SDWebImage-ProgressView
  - SGNavigationProgress
  - SuProgress
  - SVProgressHUD
  - THCircularProgressView
  - THProgressView
  - YLProgressBar

SPEC CHECKSUMS:
  BJRangeSliderWithProgress: 5152d93d437e8a65409a4ebef15ebafff1f3bacd
  BTProgressView: 7ba39092d8023ba6b94b7ee8be4fabef8382a799
  CERoundProgressView: 2e081cd3f6eeeb57f4e9d5465891f7ee3b4b8ad2
  CircularProgressView: 8acb0d3f600bb52fd98743628d51c2832c8a7b83
  CSColorizedProgressView: 1b7e32c30c2e7c6880ca51524c4a2bdf3ddf81c5
  DACircularProgress: 8c8f20c8dffdd647fbf570ddecbc2b1b59da5888
  DAProgressOverlayView: abfd16f70476496e34176eeb94b139fc5e6d5f6b
  DCProgressView: c3a5d7bc9785ac63265ea3d9860a086193aa7127
  DDProgressView: 3f6651900c7357e5d240a18ceece91a370cc96f6
  FFCircularProgressView: 972f8c316f6a612a9ca55d7800ade41b51efedf2
  HKCircularProgressView: 97d0cb17765231caa7fd129e2c481bec1b9e1e55
  HTProgressHUD: 93ef4df8a47fdc03fc6dbc1eea5d6d8cf75ead2d
  JNJProgressButton: 4f6f2b412bf09c6fc3a6c260549992f29b8d8d77
  JSProgressHUD: ec2d24528c14e8ecc1602a2075c6d1c16d5dbf63
  KAProgressLabel: 3fb25c824f2b83077ae05630ee714a4e6468e3d7
  KKProgressToolbar: 6c18ab6aed86822737b273c784a86d13e3520993
  LDProgressView: 6cf4c56e2455efe2c2fd924b2d0c5e69d3709d19
  LLACircularProgressView: 43c0807638efe1c07db165db67fad2b66c53b5c2
  MACircleProgressIndicator: dc497a2c68dd930d4aea837b1a732a56ce4bd6d8
  MCCircularProgressView: b821b9c4d15cdf1a15ce59f5a3c3cadf3bb83d26
  MDRadialProgress: 938b14b69d04a74847c50bfba968e6b515283b0e
  MMProgressHUD: 68f1bdfbe30ba33d2e16d266aa12546c385d561a
  MRProgress: 28c146612cd5ceb30a16d06216028beab125d926
  NJKWebViewProgress: 5181e8af629e60e8dd48c8b738b39e89eeecb351
  OJFSegmentedProgressView: 22186a3dce18d8619d310157483df16f25bf05e2
  PICircularProgressView: 24961581dc1f53ce6864c8c415e315bb7eaa9770
  ProgressHUD: f09230ed14bb5748367f458e6f90e7c1f67e6c8f
  SDWebImage: f1a72472f8a2d54445f1fedafe2090593d9caf7f
  SDWebImage-ProgressView: 0984b5b885886358dff24964912d3313e104ad4f
  SGNavigationProgress: 322ccebdf07efb9418f67113d561c48472b9055b
  SuProgress: 5b44431401a2e114ac098a0b976550803d03fd9f
  SVProgressHUD: 5e10939a296debf5fe5a5895eda9539b8b2114f1
  THCircularProgressView: 1c4cdbcd96547388bcb7da12e02adeeb1a0289a0
  THProgressView: 2e19cf950671bb6d5d562433d5b04be93e6ffd35
  YLProgressBar: a1e1596cb883660ccd1babedf2e233c84258513c

COCOAPODS: 0.26.2
